
Microsoft Visual Studio Solution File, Format Version 12.00
# Visual Studio 15
VisualStudioVersion = 15.0.28307.1022
MinimumVisualStudioVersion = 10.0.40219.1
Project("{FAE04EC0-301F-11D3-BF4B-00C04F79EFBC}") = "TestApplication", "TestApplication\TestApplication\TestApplication.csproj", "{2787FF07-8D30-484F-A407-94042F017C23}"
EndProject
Project("{FAE04EC0-301F-11D3-BF4B-00C04F79EFBC}") = "TestApplication.Android", "TestApplication\TestApplication.Android\TestApplication.Android.csproj", "{4BC8FCB6-EBA8-47C5-9FD0-34A320C80416}"
EndProject
Project("{FAE04EC0-301F-11D3-BF4B-00C04F79EFBC}") = "TestApplication.iOS", "TestApplication\TestApplication.iOS\TestApplication.iOS.csproj", "{5AFB6F14-7054-479B-82FE-94D93325F2C1}"
EndProject
Global
	GlobalSection(SolutionConfigurationPlatforms) = preSolution
		Ad-Hoc|Any CPU = Ad-Hoc|Any CPU
		Ad-Hoc|iPhone = Ad-Hoc|iPhone
		Ad-Hoc|iPhoneSimulator = Ad-Hoc|iPhoneSimulator
		AppStore|Any CPU = AppStore|Any CPU
		AppStore|iPhone = AppStore|iPhone
		AppStore|iPhoneSimulator = AppStore|iPhoneSimulator
		Debug|Any CPU = Debug|Any CPU
		Debug|iPhone = Debug|iPhone
		Debug|iPhoneSimulator = Debug|iPhoneSimulator
		Release|Any CPU = Release|Any CPU
		Release|iPhone = Release|iPhone
		Release|iPhoneSimulator = Release|iPhoneSimulator
	EndGlobalSection
	GlobalSection(ProjectConfigurationPlatforms) = postSolution
		{2787FF07-8D30-484F-A407-94042F017C23}.Ad-Hoc|Any CPU.ActiveCfg = Debug|Any CPU
		{2787FF07-8D30-484F-A407-94042F017C23}.Ad-Hoc|Any CPU.Build.0 = Debug|Any CPU
		{2787FF07-8D30-484F-A407-94042F017C23}.Ad-Hoc|iPhone.ActiveCfg = Debug|Any CPU
		{2787FF07-8D30-484F-A407-94042F017C23}.Ad-Hoc|iPhone.Build.0 = Debug|Any CPU
		{2787FF07-8D30-484F-A407-94042F017C23}.Ad-Hoc|iPhoneSimulator.ActiveCfg = Debug|Any CPU
		{2787FF07-8D30-484F-A407-94042F017C23}.Ad-Hoc|iPhoneSimulator.Build.0 = Debug|Any CPU
		{2787FF07-8D30-484F-A407-94042F017C23}.AppStore|Any CPU.ActiveCfg = Debug|Any CPU
		{2787FF07-8D30-484F-A407-94042F017C23}.AppStore|Any CPU.Build.0 = Debug|Any CPU
		{2787FF07-8D30-484F-A407-94042F017C23}.AppStore|iPhone.ActiveCfg = Debug|Any CPU
		{2787FF07-8D30-484F-A407-94042F017C23}.AppStore|iPhone.Build.0 = Debug|Any CPU
		{2787FF07-8D30-484F-A407-94042F017C23}.AppStore|iPhoneSimulator.ActiveCfg = Debug|Any CPU
		{2787FF07-8D30-484F-A407-94042F017C23}.AppStore|iPhoneSimulator.Build.0 = Debug|Any CPU
		{2787FF07-8D30-484F-A407-94042F017C23}.Debug|Any CPU.ActiveCfg = Debug|Any CPU
		{2787FF07-8D30-484F-A407-94042F017C23}.Debug|Any CPU.Build.0 = Debug|Any CPU
		{2787FF07-8D30-484F-A407-94042F017C23}.Debug|iPhone.ActiveCfg = Debug|Any CPU
		{2787FF07-8D30-484F-A407-94042F017C23}.Debug|iPhone.Build.0 = Debug|Any CPU
		{2787FF07-8D30-484F-A407-94042F017C23}.Debug|iPhoneSimulator.ActiveCfg = Debug|Any CPU
		{2787FF07-8D30-484F-A407-94042F017C23}.Debug|iPhoneSimulator.Build.0 = Debug|Any CPU
		{2787FF07-8D30-484F-A407-94042F017C23}.Release|Any CPU.ActiveCfg = Release|Any CPU
		{2787FF07-8D30-484F-A407-94042F017C23}.Release|Any CPU.Build.0 = Release|Any CPU
		{2787FF07-8D30-484F-A407-94042F017C23}.Release|iPhone.ActiveCfg = Release|Any CPU
		{2787FF07-8D30-484F-A407-94042F017C23}.Release|iPhone.Build.0 = Release|Any CPU
		{2787FF07-8D30-484F-A407-94042F017C23}.Release|iPhoneSimulator.ActiveCfg = Release|Any CPU
		{2787FF07-8D30-484F-A407-94042F017C23}.Release|iPhoneSimulator.Build.0 = Release|Any CPU
		{4BC8FCB6-EBA8-47C5-9FD0-34A320C80416}.Ad-Hoc|Any CPU.ActiveCfg = Release|Any CPU
		{4BC8FCB6-EBA8-47C5-9FD0-34A320C80416}.Ad-Hoc|Any CPU.Build.0 = Release|Any CPU
		{4BC8FCB6-EBA8-47C5-9FD0-34A320C80416}.Ad-Hoc|Any CPU.Deploy.0 = Release|Any CPU
		{4BC8FCB6-EBA8-47C5-9FD0-34A320C80416}.Ad-Hoc|iPhone.ActiveCfg = Release|Any CPU
		{4BC8FCB6-EBA8-47C5-9FD0-34A320C80416}.Ad-Hoc|iPhone.Build.0 = Release|Any CPU
		{4BC8FCB6-EBA8-47C5-9FD0-34A320C80416}.Ad-Hoc|iPhone.Deploy.0 = Release|Any CPU
		{4BC8FCB6-EBA8-47C5-9FD0-34A320C80416}.Ad-Hoc|iPhoneSimulator.ActiveCfg = Release|Any CPU
		{4BC8FCB6-EBA8-47C5-9FD0-34A320C80416}.Ad-Hoc|iPhoneSimulator.Build.0 = Release|Any CPU
		{4BC8FCB6-EBA8-47C5-9FD0-34A320C80416}.Ad-Hoc|iPhoneSimulator.Deploy.0 = Release|Any CPU
		{4BC8FCB6-EBA8-47C5-9FD0-34A320C80416}.AppStore|Any CPU.ActiveCfg = Release|Any CPU
		{4BC8FCB6-EBA8-47C5-9FD0-34A320C80416}.AppStore|Any CPU.Build.0 = Release|Any CPU
		{4BC8FCB6-EBA8-47C5-9FD0-34A320C80416}.AppStore|Any CPU.Deploy.0 = Release|Any CPU
		{4BC8FCB6-EBA8-47C5-9FD0-34A320C80416}.AppStore|iPhone.ActiveCfg = Release|Any CPU
		{4BC8FCB6-EBA8-47C5-9FD0-34A320C80416}.AppStore|iPhone.Build.0 = Release|Any CPU
		{4BC8FCB6-EBA8-47C5-9FD0-34A320C80416}.AppStore|iPhone.Deploy.0 = Release|Any CPU
		{4BC8FCB6-EBA8-47C5-9FD0-34A320C80416}.AppStore|iPhoneSimulator.ActiveCfg = Release|Any CPU
		{4BC8FCB6-EBA8-47C5-9FD0-34A320C80416}.AppStore|iPhoneSimulator.Build.0 = Release|Any CPU
		{4BC8FCB6-EBA8-47C5-9FD0-34A320C80416}.AppStore|iPhoneSimulator.Deploy.0 = Release|Any CPU
		{4BC8FCB6-EBA8-47C5-9FD0-34A320C80416}.Debug|Any CPU.ActiveCfg = Debug|Any CPU
		{4BC8FCB6-EBA8-47C5-9FD0-34A320C80416}.Debug|Any CPU.Build.0 = Debug|Any CPU
		{4BC8FCB6-EBA8-47C5-9FD0-34A320C80416}.Debug|Any CPU.Deploy.0 = Debug|Any CPU
		{4BC8FCB6-EBA8-47C5-9FD0-34A320C80416}.Debug|iPhone.ActiveCfg = Debug|Any CPU
		{4BC8FCB6-EBA8-47C5-9FD0-34A320C80416}.Debug|iPhone.Build.0 = Debug|Any CPU
		{4BC8FCB6-EBA8-47C5-9FD0-34A320C80416}.Debug|iPhone.Deploy.0 = Debug|Any CPU
		{4BC8FCB6-EBA8-47C5-9FD0-34A320C80416}.Debug|iPhoneSimulator.ActiveCfg = Debug|Any CPU
		{4BC8FCB6-EBA8-47C5-9FD0-34A320C80416}.Debug|iPhoneSimulator.Build.0 = Debug|Any CPU
		{4BC8FCB6-EBA8-47C5-9FD0-34A320C80416}.Debug|iPhoneSimulator.Deploy.0 = Debug|Any CPU
		{4BC8FCB6-EBA8-47C5-9FD0-34A320C80416}.Release|Any CPU.ActiveCfg = Release|Any CPU
		{4BC8FCB6-EBA8-47C5-9FD0-34A320C80416}.Release|Any CPU.Build.0 = Release|Any CPU
		{4BC8FCB6-EBA8-47C5-9FD0-34A320C80416}.Release|Any CPU.Deploy.0 = Release|Any CPU
		{4BC8FCB6-EBA8-47C5-9FD0-34A320C80416}.Release|iPhone.ActiveCfg = Release|Any CPU
		{4BC8FCB6-EBA8-47C5-9FD0-34A320C80416}.Release|iPhone.Build.0 = Release|Any CPU
		{4BC8FCB6-EBA8-47C5-9FD0-34A320C80416}.Release|iPhone.Deploy.0 = Release|Any CPU
		{4BC8FCB6-EBA8-47C5-9FD0-34A320C80416}.Release|iPhoneSimulator.ActiveCfg = Release|Any CPU
		{4BC8FCB6-EBA8-47C5-9FD0-34A320C80416}.Release|iPhoneSimulator.Build.0 = Release|Any CPU
		{4BC8FCB6-EBA8-47C5-9FD0-34A320C80416}.Release|iPhoneSimulator.Deploy.0 = Release|Any CPU
		{5AFB6F14-7054-479B-82FE-94D93325F2C1}.Ad-Hoc|Any CPU.ActiveCfg = Ad-Hoc|iPhone
		{5AFB6F14-7054-479B-82FE-94D93325F2C1}.Ad-Hoc|iPhone.ActiveCfg = Ad-Hoc|iPhone
		{5AFB6F14-7054-479B-82FE-94D93325F2C1}.Ad-Hoc|iPhone.Build.0 = Ad-Hoc|iPhone
		{5AFB6F14-7054-479B-82FE-94D93325F2C1}.Ad-Hoc|iPhoneSimulator.ActiveCfg = Ad-Hoc|iPhoneSimulator
		{5AFB6F14-7054-479B-82FE-94D93325F2C1}.Ad-Hoc|iPhoneSimulator.Build.0 = Ad-Hoc|iPhoneSimulator
		{5AFB6F14-7054-479B-82FE-94D93325F2C1}.AppStore|Any CPU.ActiveCfg = AppStore|iPhone
		{5AFB6F14-7054-479B-82FE-94D93325F2C1}.AppStore|iPhone.ActiveCfg = AppStore|iPhone
		{5AFB6F14-7054-479B-82FE-94D93325F2C1}.AppStore|iPhone.Build.0 = AppStore|iPhone
		{5AFB6F14-7054-479B-82FE-94D93325F2C1}.AppStore|iPhoneSimulator.ActiveCfg = AppStore|iPhoneSimulator
		{5AFB6F14-7054-479B-82FE-94D93325F2C1}.AppStore|iPhoneSimulator.Build.0 = AppStore|iPhoneSimulator
		{5AFB6F14-7054-479B-82FE-94D93325F2C1}.Debug|Any CPU.ActiveCfg = Debug|iPhone
		{5AFB6F14-7054-479B-82FE-94D93325F2C1}.Debug|iPhone.ActiveCfg = Debug|iPhone
		{5AFB6F14-7054-479B-82FE-94D93325F2C1}.Debug|iPhone.Build.0 = Debug|iPhone
		{5AFB6F14-7054-479B-82FE-94D93325F2C1}.Debug|iPhoneSimulator.ActiveCfg = Debug|iPhoneSimulator
		{5AFB6F14-7054-479B-82FE-94D93325F2C1}.Debug|iPhoneSimulator.Build.0 = Debug|iPhoneSimulator
		{5AFB6F14-7054-479B-82FE-94D93325F2C1}.Release|Any CPU.ActiveCfg = Release|iPhone
		{5AFB6F14-7054-479B-82FE-94D93325F2C1}.Release|iPhone.ActiveCfg = Release|iPhone
		{5AFB6F14-7054-479B-82FE-94D93325F2C1}.Release|iPhone.Build.0 = Release|iPhone
		{5AFB6F14-7054-479B-82FE-94D93325F2C1}.Release|iPhoneSimulator.ActiveCfg = Release|iPhoneSimulator
		{5AFB6F14-7054-479B-82FE-94D93325F2C1}.Release|iPhoneSimulator.Build.0 = Release|iPhoneSimulator
	EndGlobalSection
	GlobalSection(SolutionProperties) = preSolution
		HideSolutionNode = FALSE
	EndGlobalSection
	GlobalSection(ExtensibilityGlobals) = postSolution
		SolutionGuid = {24D69185-2502-4E2C-A1BD-AF34BACA6049}
	EndGlobalSection
EndGlobal
